// !$*UTF8*$!
{
	archiveVersion = 1;
	classes = {
	};
	objectVersion = 46;
	objects = {

/* Begin PBXBuildFile section */
		9AB7848D15BBC43A002CEE23 /* SUType.c in Sources */ = {isa = PBXBuildFile; fileRef = 9ABEAD5315AD275900CF9849 /* SUType.c */; };
		9AB7848E15BBC43A002CEE23 /* SUTokenizer.c in Sources */ = {isa = PBXBuildFile; fileRef = 9ABEAD4515AA99BC00CF9849 /* SUTokenizer.c */; };
		9AB7848F15BBC43A002CEE23 /* SUList.c in Sources */ = {isa = PBXBuildFile; fileRef = 9ABEAD4C15AC1A3C00CF9849 /* SUList.c */; };
		9AB7849015BBC43A002CEE23 /* SUIterator.c in Sources */ = {isa = PBXBuildFile; fileRef = 9ABEAD5915AD552700CF9849 /* SUIterator.c */; };
		9AB7849115BBC43A002CEE23 /* SUString.c in Sources */ = {isa = PBXBuildFile; fileRef = 9ABEAD6115AEBCB200CF9849 /* SUString.c */; };
		9AB7849215BBC43A002CEE23 /* SUFunction.c in Sources */ = {isa = PBXBuildFile; fileRef = 9ABEAD6415AFED2E00CF9849 /* SUFunction.c */; };
		9AB7849315BBC43A002CEE23 /* SUStatement.c in Sources */ = {isa = PBXBuildFile; fileRef = 9ABEAD6715B130B400CF9849 /* SUStatement.c */; };
		9AB7849415BBC43A002CEE23 /* SUProgram.c in Sources */ = {isa = PBXBuildFile; fileRef = 9ABEAD8415B13A0900CF9849 /* SUProgram.c */; };
		9AB7849515BBC43A002CEE23 /* SUError.c in Sources */ = {isa = PBXBuildFile; fileRef = 9A3E362815B7CEA200C3C268 /* SUError.c */; };
		9AB7849615BBC43A002CEE23 /* SUVariable.c in Sources */ = {isa = PBXBuildFile; fileRef = 9A3E363C15BA406100C3C268 /* SUVariable.c */; };
		9AB7849715BBC46A002CEE23 /* libseuss.a in Frameworks */ = {isa = PBXBuildFile; fileRef = 9AB7848915BBC406002CEE23 /* libseuss.a */; };
		9ABEAD2E15A80BB300CF9849 /* Foundation.framework in Frameworks */ = {isa = PBXBuildFile; fileRef = 9ABEAD2D15A80BB300CF9849 /* Foundation.framework */; };
		9ABEAD3115A80BB300CF9849 /* seuss.c in Sources */ = {isa = PBXBuildFile; fileRef = 9ABEAD3015A80BB300CF9849 /* seuss.c */; };
		9ABEAD3515A80BB300CF9849 /* seuss.1 in CopyFiles */ = {isa = PBXBuildFile; fileRef = 9ABEAD3415A80BB300CF9849 /* seuss.1 */; };
		9ABEAD7015B1369300CF9849 /* SenTestingKit.framework in Frameworks */ = {isa = PBXBuildFile; fileRef = 9ABEAD6F15B1369300CF9849 /* SenTestingKit.framework */; };
		9ABEAD7215B1369300CF9849 /* Cocoa.framework in Frameworks */ = {isa = PBXBuildFile; fileRef = 9ABEAD7115B1369300CF9849 /* Cocoa.framework */; };
		9ABEAD7C15B1369400CF9849 /* InfoPlist.strings in Resources */ = {isa = PBXBuildFile; fileRef = 9ABEAD7A15B1369400CF9849 /* InfoPlist.strings */; };
		9ABEAD7F15B1369400CF9849 /* SUFunctionTests.m in Sources */ = {isa = PBXBuildFile; fileRef = 9ABEAD7E15B1369400CF9849 /* SUFunctionTests.m */; };
/* End PBXBuildFile section */

/* Begin PBXContainerItemProxy section */
		9AB7849815BBC471002CEE23 /* PBXContainerItemProxy */ = {
			isa = PBXContainerItemProxy;
			containerPortal = 9ABEAD2015A80BB200CF9849 /* Project object */;
			proxyType = 1;
			remoteGlobalIDString = 9AB7848815BBC406002CEE23;
			remoteInfo = libseuss;
		};
/* End PBXContainerItemProxy section */

/* Begin PBXCopyFilesBuildPhase section */
		9ABEAD2715A80BB300CF9849 /* CopyFiles */ = {
			isa = PBXCopyFilesBuildPhase;
			buildActionMask = 2147483647;
			dstPath = /usr/share/man/man1/;
			dstSubfolderSpec = 0;
			files = (
				9ABEAD3515A80BB300CF9849 /* seuss.1 in CopyFiles */,
			);
			runOnlyForDeploymentPostprocessing = 1;
		};
/* End PBXCopyFilesBuildPhase section */

/* Begin PBXFileReference section */
		9A1E3BAA15B3CD04007C10C8 /* SURange.h */ = {isa = PBXFileReference; lastKnownFileType = sourcecode.c.h; path = SURange.h; sourceTree = "<group>"; };
		9A3E362715B7CE9200C3C268 /* SUError.h */ = {isa = PBXFileReference; lastKnownFileType = sourcecode.c.h; path = SUError.h; sourceTree = "<group>"; };
		9A3E362815B7CEA200C3C268 /* SUError.c */ = {isa = PBXFileReference; fileEncoding = 4; lastKnownFileType = sourcecode.c.c; path = SUError.c; sourceTree = "<group>"; };
		9A3E363A15BA405200C3C268 /* SUVariable.h */ = {isa = PBXFileReference; lastKnownFileType = sourcecode.c.h; path = SUVariable.h; sourceTree = "<group>"; };
		9A3E363C15BA406100C3C268 /* SUVariable.c */ = {isa = PBXFileReference; fileEncoding = 4; lastKnownFileType = sourcecode.c.c; path = SUVariable.c; sourceTree = "<group>"; };
		9AB7848415BBC021002CEE23 /* Seuss.h */ = {isa = PBXFileReference; fileEncoding = 4; lastKnownFileType = sourcecode.c.h; path = Seuss.h; sourceTree = "<group>"; };
		9AB7848915BBC406002CEE23 /* libseuss.a */ = {isa = PBXFileReference; explicitFileType = archive.ar; includeInIndex = 0; path = libseuss.a; sourceTree = BUILT_PRODUCTS_DIR; };
		9ABEAD2915A80BB300CF9849 /* seuss */ = {isa = PBXFileReference; explicitFileType = "compiled.mach-o.executable"; includeInIndex = 0; path = seuss; sourceTree = BUILT_PRODUCTS_DIR; };
		9ABEAD2D15A80BB300CF9849 /* Foundation.framework */ = {isa = PBXFileReference; lastKnownFileType = wrapper.framework; name = Foundation.framework; path = System/Library/Frameworks/Foundation.framework; sourceTree = SDKROOT; };
		9ABEAD3015A80BB300CF9849 /* seuss.c */ = {isa = PBXFileReference; lastKnownFileType = sourcecode.c.c; path = seuss.c; sourceTree = "<group>"; };
		9ABEAD3315A80BB300CF9849 /* seuss-Prefix.pch */ = {isa = PBXFileReference; lastKnownFileType = sourcecode.c.h; path = "seuss-Prefix.pch"; sourceTree = "<group>"; };
		9ABEAD3415A80BB300CF9849 /* seuss.1 */ = {isa = PBXFileReference; lastKnownFileType = text.man; path = seuss.1; sourceTree = "<group>"; };
		9ABEAD4515AA99BC00CF9849 /* SUTokenizer.c */ = {isa = PBXFileReference; fileEncoding = 4; lastKnownFileType = sourcecode.c.c; path = SUTokenizer.c; sourceTree = "<group>"; };
		9ABEAD4715AA99CB00CF9849 /* SUTokenizer.h */ = {isa = PBXFileReference; lastKnownFileType = sourcecode.c.h; path = SUTokenizer.h; sourceTree = "<group>"; };
		9ABEAD4B15AC1A2C00CF9849 /* SUList.h */ = {isa = PBXFileReference; lastKnownFileType = sourcecode.c.h; path = SUList.h; sourceTree = "<group>"; };
		9ABEAD4C15AC1A3C00CF9849 /* SUList.c */ = {isa = PBXFileReference; fileEncoding = 4; lastKnownFileType = sourcecode.c.c; path = SUList.c; sourceTree = "<group>"; };
		9ABEAD5215AD274D00CF9849 /* SUType.h */ = {isa = PBXFileReference; lastKnownFileType = sourcecode.c.h; path = SUType.h; sourceTree = "<group>"; };
		9ABEAD5315AD275900CF9849 /* SUType.c */ = {isa = PBXFileReference; fileEncoding = 4; lastKnownFileType = sourcecode.c.c; path = SUType.c; sourceTree = "<group>"; };
		9ABEAD5515AD2A4100CF9849 /* SUTypeInternal.h */ = {isa = PBXFileReference; lastKnownFileType = sourcecode.c.h; path = SUTypeInternal.h; sourceTree = "<group>"; };
		9ABEAD5815AD551800CF9849 /* SUIterator.h */ = {isa = PBXFileReference; lastKnownFileType = sourcecode.c.h; path = SUIterator.h; sourceTree = "<group>"; };
		9ABEAD5915AD552700CF9849 /* SUIterator.c */ = {isa = PBXFileReference; fileEncoding = 4; lastKnownFileType = sourcecode.c.c; path = SUIterator.c; sourceTree = "<group>"; };
		9ABEAD5B15AEB0AB00CF9849 /* SUListInternal.h */ = {isa = PBXFileReference; lastKnownFileType = sourcecode.c.h; path = SUListInternal.h; sourceTree = "<group>"; };
		9ABEAD5C15AEB6BF00CF9849 /* SUIteratorInternal.h */ = {isa = PBXFileReference; lastKnownFileType = sourcecode.c.h; path = SUIteratorInternal.h; sourceTree = "<group>"; };
		9ABEAD6015AEBC6F00CF9849 /* SUString.h */ = {isa = PBXFileReference; lastKnownFileType = sourcecode.c.h; path = SUString.h; sourceTree = "<group>"; };
		9ABEAD6115AEBCB200CF9849 /* SUString.c */ = {isa = PBXFileReference; fileEncoding = 4; lastKnownFileType = sourcecode.c.c; path = SUString.c; sourceTree = "<group>"; };
		9ABEAD6315AFED2000CF9849 /* SUFunction.h */ = {isa = PBXFileReference; lastKnownFileType = sourcecode.c.h; path = SUFunction.h; sourceTree = "<group>"; };
		9ABEAD6415AFED2E00CF9849 /* SUFunction.c */ = {isa = PBXFileReference; fileEncoding = 4; lastKnownFileType = sourcecode.c.c; path = SUFunction.c; sourceTree = "<group>"; };
		9ABEAD6615B130A700CF9849 /* SUStatement.h */ = {isa = PBXFileReference; lastKnownFileType = sourcecode.c.h; path = SUStatement.h; sourceTree = "<group>"; };
		9ABEAD6715B130B400CF9849 /* SUStatement.c */ = {isa = PBXFileReference; fileEncoding = 4; lastKnownFileType = sourcecode.c.c; path = SUStatement.c; sourceTree = "<group>"; };
		9ABEAD6E15B1369300CF9849 /* seussTests.octest */ = {isa = PBXFileReference; explicitFileType = wrapper.cfbundle; includeInIndex = 0; path = seussTests.octest; sourceTree = BUILT_PRODUCTS_DIR; };
		9ABEAD6F15B1369300CF9849 /* SenTestingKit.framework */ = {isa = PBXFileReference; lastKnownFileType = wrapper.framework; name = SenTestingKit.framework; path = Library/Frameworks/SenTestingKit.framework; sourceTree = DEVELOPER_DIR; };
		9ABEAD7115B1369300CF9849 /* Cocoa.framework */ = {isa = PBXFileReference; lastKnownFileType = wrapper.framework; name = Cocoa.framework; path = Library/Frameworks/Cocoa.framework; sourceTree = DEVELOPER_DIR; };
		9ABEAD7415B1369300CF9849 /* AppKit.framework */ = {isa = PBXFileReference; lastKnownFileType = wrapper.framework; name = AppKit.framework; path = Library/Frameworks/AppKit.framework; sourceTree = SDKROOT; };
		9ABEAD7515B1369300CF9849 /* CoreData.framework */ = {isa = PBXFileReference; lastKnownFileType = wrapper.framework; name = CoreData.framework; path = Library/Frameworks/CoreData.framework; sourceTree = SDKROOT; };
		9ABEAD7615B1369300CF9849 /* Foundation.framework */ = {isa = PBXFileReference; lastKnownFileType = wrapper.framework; name = Foundation.framework; path = Library/Frameworks/Foundation.framework; sourceTree = SDKROOT; };
		9ABEAD7915B1369400CF9849 /* seussTests-Info.plist */ = {isa = PBXFileReference; lastKnownFileType = text.plist.xml; path = "seussTests-Info.plist"; sourceTree = "<group>"; };
		9ABEAD7B15B1369400CF9849 /* en */ = {isa = PBXFileReference; lastKnownFileType = text.plist.strings; name = en; path = en.lproj/InfoPlist.strings; sourceTree = "<group>"; };
		9ABEAD7E15B1369400CF9849 /* SUFunctionTests.m */ = {isa = PBXFileReference; lastKnownFileType = sourcecode.c.objc; path = SUFunctionTests.m; sourceTree = "<group>"; };
		9ABEAD8015B1369400CF9849 /* seussTests-Prefix.pch */ = {isa = PBXFileReference; lastKnownFileType = sourcecode.c.h; path = "seussTests-Prefix.pch"; sourceTree = "<group>"; };
		9ABEAD8415B13A0900CF9849 /* SUProgram.c */ = {isa = PBXFileReference; fileEncoding = 4; lastKnownFileType = sourcecode.c.c; path = SUProgram.c; sourceTree = "<group>"; };
		9ABEAD8615B13A4900CF9849 /* SUProgram.h */ = {isa = PBXFileReference; lastKnownFileType = sourcecode.c.h; path = SUProgram.h; sourceTree = "<group>"; };
/* End PBXFileReference section */

/* Begin PBXFrameworksBuildPhase section */
		9AB7848615BBC406002CEE23 /* Frameworks */ = {
			isa = PBXFrameworksBuildPhase;
			buildActionMask = 2147483647;
			files = (
			);
			runOnlyForDeploymentPostprocessing = 0;
		};
		9ABEAD2615A80BB300CF9849 /* Frameworks */ = {
			isa = PBXFrameworksBuildPhase;
			buildActionMask = 2147483647;
			files = (
				9AB7849715BBC46A002CEE23 /* libseuss.a in Frameworks */,
				9ABEAD2E15A80BB300CF9849 /* Foundation.framework in Frameworks */,
			);
			runOnlyForDeploymentPostprocessing = 0;
		};
		9ABEAD6A15B1369300CF9849 /* Frameworks */ = {
			isa = PBXFrameworksBuildPhase;
			buildActionMask = 2147483647;
			files = (
				9ABEAD7015B1369300CF9849 /* SenTestingKit.framework in Frameworks */,
				9ABEAD7215B1369300CF9849 /* Cocoa.framework in Frameworks */,
			);
			runOnlyForDeploymentPostprocessing = 0;
		};
/* End PBXFrameworksBuildPhase section */

/* Begin PBXGroup section */
		9ABEAD1E15A80BB200CF9849 = {
			isa = PBXGroup;
			children = (
				9ABEAD2F15A80BB300CF9849 /* seuss */,
				9ABEAD7715B1369300CF9849 /* seussTests */,
				9ABEAD2C15A80BB300CF9849 /* Frameworks */,
				9ABEAD2A15A80BB300CF9849 /* Products */,
			);
			sourceTree = "<group>";
		};
		9ABEAD2A15A80BB300CF9849 /* Products */ = {
			isa = PBXGroup;
			children = (
				9ABEAD2915A80BB300CF9849 /* seuss */,
				9ABEAD6E15B1369300CF9849 /* seussTests.octest */,
				9AB7848915BBC406002CEE23 /* libseuss.a */,
			);
			name = Products;
			sourceTree = "<group>";
		};
		9ABEAD2C15A80BB300CF9849 /* Frameworks */ = {
			isa = PBXGroup;
			children = (
				9ABEAD2D15A80BB300CF9849 /* Foundation.framework */,
				9ABEAD6F15B1369300CF9849 /* SenTestingKit.framework */,
				9ABEAD7115B1369300CF9849 /* Cocoa.framework */,
				9ABEAD7315B1369300CF9849 /* Other Frameworks */,
			);
			name = Frameworks;
			sourceTree = "<group>";
		};
		9ABEAD2F15A80BB300CF9849 /* seuss */ = {
			isa = PBXGroup;
			children = (
				9ABEAD3015A80BB300CF9849 /* seuss.c */,
				9ABEAD4415A8175700CF9849 /* Parser */,
				9ABEAD3415A80BB300CF9849 /* seuss.1 */,
				9ABEAD3215A80BB300CF9849 /* Supporting Files */,
			);
			path = seuss;
			sourceTree = "<group>";
		};
		9ABEAD3215A80BB300CF9849 /* Supporting Files */ = {
			isa = PBXGroup;
			children = (
				9ABEAD3315A80BB300CF9849 /* seuss-Prefix.pch */,
			);
			name = "Supporting Files";
			sourceTree = "<group>";
		};
		9ABEAD4415A8175700CF9849 /* Parser */ = {
			isa = PBXGroup;
			children = (
				9ABEAD5D15AEBB2700CF9849 /* Public */,
				9ABEAD5E15AEBB3200CF9849 /* Internal */,
				9ABEAD5F15AEBB3A00CF9849 /* Source */,
			);
			name = Parser;
			sourceTree = "<group>";
		};
		9ABEAD5D15AEBB2700CF9849 /* Public */ = {
			isa = PBXGroup;
			children = (
				9AB7848415BBC021002CEE23 /* Seuss.h */,
				9ABEAD5215AD274D00CF9849 /* SUType.h */,
				9ABEAD4715AA99CB00CF9849 /* SUTokenizer.h */,
				9ABEAD4B15AC1A2C00CF9849 /* SUList.h */,
				9ABEAD5815AD551800CF9849 /* SUIterator.h */,
				9ABEAD6015AEBC6F00CF9849 /* SUString.h */,
				9ABEAD6315AFED2000CF9849 /* SUFunction.h */,
				9ABEAD6615B130A700CF9849 /* SUStatement.h */,
				9ABEAD8615B13A4900CF9849 /* SUProgram.h */,
				9A1E3BAA15B3CD04007C10C8 /* SURange.h */,
				9A3E362715B7CE9200C3C268 /* SUError.h */,
				9A3E363A15BA405200C3C268 /* SUVariable.h */,
			);
			name = Public;
			sourceTree = "<group>";
		};
		9ABEAD5E15AEBB3200CF9849 /* Internal */ = {
			isa = PBXGroup;
			children = (
				9ABEAD5515AD2A4100CF9849 /* SUTypeInternal.h */,
				9ABEAD5B15AEB0AB00CF9849 /* SUListInternal.h */,
				9ABEAD5C15AEB6BF00CF9849 /* SUIteratorInternal.h */,
			);
			name = Internal;
			sourceTree = "<group>";
		};
		9ABEAD5F15AEBB3A00CF9849 /* Source */ = {
			isa = PBXGroup;
			children = (
				9ABEAD5315AD275900CF9849 /* SUType.c */,
				9ABEAD4515AA99BC00CF9849 /* SUTokenizer.c */,
				9ABEAD4C15AC1A3C00CF9849 /* SUList.c */,
				9ABEAD5915AD552700CF9849 /* SUIterator.c */,
				9ABEAD6115AEBCB200CF9849 /* SUString.c */,
				9ABEAD6415AFED2E00CF9849 /* SUFunction.c */,
				9ABEAD6715B130B400CF9849 /* SUStatement.c */,
				9ABEAD8415B13A0900CF9849 /* SUProgram.c */,
				9A3E362815B7CEA200C3C268 /* SUError.c */,
				9A3E363C15BA406100C3C268 /* SUVariable.c */,
			);
			name = Source;
			sourceTree = "<group>";
		};
		9ABEAD7315B1369300CF9849 /* Other Frameworks */ = {
			isa = PBXGroup;
			children = (
				9ABEAD7415B1369300CF9849 /* AppKit.framework */,
				9ABEAD7515B1369300CF9849 /* CoreData.framework */,
				9ABEAD7615B1369300CF9849 /* Foundation.framework */,
			);
			name = "Other Frameworks";
			sourceTree = "<group>";
		};
		9ABEAD7715B1369300CF9849 /* seussTests */ = {
			isa = PBXGroup;
			children = (
				9ABEAD7E15B1369400CF9849 /* SUFunctionTests.m */,
				9ABEAD7815B1369400CF9849 /* Supporting Files */,
			);
			path = seussTests;
			sourceTree = "<group>";
		};
		9ABEAD7815B1369400CF9849 /* Supporting Files */ = {
			isa = PBXGroup;
			children = (
				9ABEAD7915B1369400CF9849 /* seussTests-Info.plist */,
				9ABEAD7A15B1369400CF9849 /* InfoPlist.strings */,
				9ABEAD8015B1369400CF9849 /* seussTests-Prefix.pch */,
			);
			name = "Supporting Files";
			sourceTree = "<group>";
		};
/* End PBXGroup section */

/* Begin PBXHeadersBuildPhase section */
		9AB7848715BBC406002CEE23 /* Headers */ = {
			isa = PBXHeadersBuildPhase;
			buildActionMask = 2147483647;
			files = (
			);
			runOnlyForDeploymentPostprocessing = 0;
		};
/* End PBXHeadersBuildPhase section */

/* Begin PBXNativeTarget section */
		9AB7848815BBC406002CEE23 /* libseuss */ = {
			isa = PBXNativeTarget;
			buildConfigurationList = 9AB7848A15BBC406002CEE23 /* Build configuration list for PBXNativeTarget "libseuss" */;
			buildPhases = (
				9AB7848515BBC406002CEE23 /* Sources */,
				9AB7848615BBC406002CEE23 /* Frameworks */,
				9AB7848715BBC406002CEE23 /* Headers */,
			);
			buildRules = (
			);
			dependencies = (
			);
			name = libseuss;
			productName = libseuss;
			productReference = 9AB7848915BBC406002CEE23 /* libseuss.a */;
			productType = "com.apple.product-type.library.static";
		};
		9ABEAD2815A80BB300CF9849 /* seuss */ = {
			isa = PBXNativeTarget;
			buildConfigurationList = 9ABEAD3815A80BB300CF9849 /* Build configuration list for PBXNativeTarget "seuss" */;
			buildPhases = (
				9ABEAD2515A80BB300CF9849 /* Sources */,
				9ABEAD2615A80BB300CF9849 /* Frameworks */,
				9ABEAD2715A80BB300CF9849 /* CopyFiles */,
			);
			buildRules = (
			);
			dependencies = (
				9AB7849915BBC471002CEE23 /* PBXTargetDependency */,
			);
			name = seuss;
			productName = seuss;
			productReference = 9ABEAD2915A80BB300CF9849 /* seuss */;
			productType = "com.apple.product-type.tool";
		};
		9ABEAD6D15B1369300CF9849 /* seussTests */ = {
			isa = PBXNativeTarget;
			buildConfigurationList = 9ABEAD8115B1369400CF9849 /* Build configuration list for PBXNativeTarget "seussTests" */;
			buildPhases = (
				9ABEAD6915B1369300CF9849 /* Sources */,
				9ABEAD6A15B1369300CF9849 /* Frameworks */,
				9ABEAD6B15B1369300CF9849 /* Resources */,
				9ABEAD6C15B1369300CF9849 /* ShellScript */,
			);
			buildRules = (
			);
			dependencies = (
			);
			name = seussTests;
			productName = seussTests;
			productReference = 9ABEAD6E15B1369300CF9849 /* seussTests.octest */;
			productType = "com.apple.product-type.bundle";
		};
/* End PBXNativeTarget section */

/* Begin PBXProject section */
		9ABEAD2015A80BB200CF9849 /* Project object */ = {
			isa = PBXProject;
			attributes = {
				LastUpgradeCheck = 0430;
				ORGANIZATIONNAME = "Cory Kilger";
			};
			buildConfigurationList = 9ABEAD2315A80BB200CF9849 /* Build configuration list for PBXProject "seuss" */;
			compatibilityVersion = "Xcode 3.2";
			developmentRegion = English;
			hasScannedForEncodings = 0;
			knownRegions = (
				en,
			);
			mainGroup = 9ABEAD1E15A80BB200CF9849;
			productRefGroup = 9ABEAD2A15A80BB300CF9849 /* Products */;
			projectDirPath = "";
			projectRoot = "";
			targets = (
				9ABEAD2815A80BB300CF9849 /* seuss */,
				9AB7848815BBC406002CEE23 /* libseuss */,
				9ABEAD6D15B1369300CF9849 /* seussTests */,
			);
		};
/* End PBXProject section */

/* Begin PBXResourcesBuildPhase section */
		9ABEAD6B15B1369300CF9849 /* Resources */ = {
			isa = PBXResourcesBuildPhase;
			buildActionMask = 2147483647;
			files = (
				9ABEAD7C15B1369400CF9849 /* InfoPlist.strings in Resources */,
			);
			runOnlyForDeploymentPostprocessing = 0;
		};
/* End PBXResourcesBuildPhase section */

/* Begin PBXShellScriptBuildPhase section */
		9ABEAD6C15B1369300CF9849 /* ShellScript */ = {
			isa = PBXShellScriptBuildPhase;
			buildActionMask = 2147483647;
			files = (
			);
			inputPaths = (
			);
			outputPaths = (
			);
			runOnlyForDeploymentPostprocessing = 0;
			shellPath = /bin/sh;
			shellScript = "# Run the unit tests in this test bundle.\n\"${SYSTEM_DEVELOPER_DIR}/Tools/RunUnitTests\"\n";
		};
/* End PBXShellScriptBuildPhase section */

/* Begin PBXSourcesBuildPhase section */
		9AB7848515BBC406002CEE23 /* Sources */ = {
			isa = PBXSourcesBuildPhase;
			buildActionMask = 2147483647;
			files = (
				9AB7848D15BBC43A002CEE23 /* SUType.c in Sources */,
				9AB7848E15BBC43A002CEE23 /* SUTokenizer.c in Sources */,
				9AB7848F15BBC43A002CEE23 /* SUList.c in Sources */,
				9AB7849015BBC43A002CEE23 /* SUIterator.c in Sources */,
				9AB7849115BBC43A002CEE23 /* SUString.c in Sources */,
				9AB7849215BBC43A002CEE23 /* SUFunction.c in Sources */,
				9AB7849315BBC43A002CEE23 /* SUStatement.c in Sources */,
				9AB7849415BBC43A002CEE23 /* SUProgram.c in Sources */,
				9AB7849515BBC43A002CEE23 /* SUError.c in Sources */,
				9AB7849615BBC43A002CEE23 /* SUVariable.c in Sources */,
			);
			runOnlyForDeploymentPostprocessing = 0;
		};
		9ABEAD2515A80BB300CF9849 /* Sources */ = {
			isa = PBXSourcesBuildPhase;
			buildActionMask = 2147483647;
			files = (
				9ABEAD3115A80BB300CF9849 /* seuss.c in Sources */,
			);
			runOnlyForDeploymentPostprocessing = 0;
		};
		9ABEAD6915B1369300CF9849 /* Sources */ = {
			isa = PBXSourcesBuildPhase;
			buildActionMask = 2147483647;
			files = (
				9ABEAD7F15B1369400CF9849 /* SUFunctionTests.m in Sources */,
			);
			runOnlyForDeploymentPostprocessing = 0;
		};
/* End PBXSourcesBuildPhase section */

/* Begin PBXTargetDependency section */
		9AB7849915BBC471002CEE23 /* PBXTargetDependency */ = {
			isa = PBXTargetDependency;
			target = 9AB7848815BBC406002CEE23 /* libseuss */;
			targetProxy = 9AB7849815BBC471002CEE23 /* PBXContainerItemProxy */;
		};
/* End PBXTargetDependency section */

/* Begin PBXVariantGroup section */
		9ABEAD7A15B1369400CF9849 /* InfoPlist.strings */ = {
			isa = PBXVariantGroup;
			children = (
				9ABEAD7B15B1369400CF9849 /* en */,
			);
			name = InfoPlist.strings;
			sourceTree = "<group>";
		};
/* End PBXVariantGroup section */

/* Begin XCBuildConfiguration section */
		9AB7848B15BBC406002CEE23 /* Debug */ = {
			isa = XCBuildConfiguration;
			buildSettings = {
				ARCHS = "$(ARCHS_STANDARD_32_64_BIT)";
				EXECUTABLE_PREFIX = lib;
				GCC_PREPROCESSOR_DEFINITIONS = (
					"DEBUG=1",
					"$(inherited)",
					NS_BLOCKS_AVAILABLE,
				);
				PRODUCT_NAME = seuss;
				SDKROOT = "";
				SUPPORTED_PLATFORMS = "macosx iphonesimulator iphoneos";
			};
			name = Debug;
		};
		9AB7848C15BBC406002CEE23 /* Release */ = {
			isa = XCBuildConfiguration;
			buildSettings = {
				ARCHS = "$(ARCHS_STANDARD_32_64_BIT)";
				EXECUTABLE_PREFIX = lib;
				GCC_PREPROCESSOR_DEFINITIONS = NS_BLOCKS_AVAILABLE;
				PRODUCT_NAME = seuss;
				SDKROOT = "";
				SUPPORTED_PLATFORMS = "macosx iphonesimulator iphoneos";
			};
			name = Release;
		};
		9ABEAD3615A80BB300CF9849 /* Debug */ = {
			isa = XCBuildConfiguration;
			buildSettings = {
				ALWAYS_SEARCH_USER_PATHS = NO;
				ARCHS = "$(ARCHS_STANDARD_64_BIT)";
				CLANG_ENABLE_OBJC_ARC = YES;
				COPY_PHASE_STRIP = NO;
				GCC_C_LANGUAGE_STANDARD = gnu99;
				GCC_DYNAMIC_NO_PIC = NO;
				GCC_ENABLE_OBJC_EXCEPTIONS = YES;
				GCC_OPTIMIZATION_LEVEL = 0;
				GCC_PREPROCESSOR_DEFINITIONS = (
					"DEBUG=1",
					"$(inherited)",
				);
				GCC_SYMBOLS_PRIVATE_EXTERN = NO;
				GCC_VERSION = com.apple.compilers.llvm.clang.1_0;
				GCC_WARN_64_TO_32_BIT_CONVERSION = YES;
				GCC_WARN_ABOUT_RETURN_TYPE = YES;
				GCC_WARN_UNINITIALIZED_AUTOS = YES;
				GCC_WARN_UNUSED_VARIABLE = YES;
				MACOSX_DEPLOYMENT_TARGET = 10.7;
				ONLY_ACTIVE_ARCH = YES;
				SDKROOT = macosx;
			};
			name = Debug;
		};
		9ABEAD3715A80BB300CF9849 /* Release */ = {
			isa = XCBuildConfiguration;
			buildSettings = {
				ALWAYS_SEARCH_USER_PATHS = NO;
				ARCHS = "$(ARCHS_STANDARD_64_BIT)";
				CLANG_ENABLE_OBJC_ARC = YES;
				COPY_PHASE_STRIP = YES;
				DEBUG_INFORMATION_FORMAT = "dwarf-with-dsym";
				GCC_C_LANGUAGE_STANDARD = gnu99;
				GCC_ENABLE_OBJC_EXCEPTIONS = YES;
				GCC_VERSION = com.apple.compilers.llvm.clang.1_0;
				GCC_WARN_64_TO_32_BIT_CONVERSION = YES;
				GCC_WARN_ABOUT_RETURN_TYPE = YES;
				GCC_WARN_UNINITIALIZED_AUTOS = YES;
				GCC_WARN_UNUSED_VARIABLE = YES;
				MACOSX_DEPLOYMENT_TARGET = 10.7;
				SDKROOT = macosx;
			};
			name = Release;
		};
		9ABEAD3915A80BB300CF9849 /* Debug */ = {
			isa = XCBuildConfiguration;
			buildSettings = {
				ARCHS = "$(ARCHS_STANDARD_32_64_BIT)";
				GCC_PRECOMPILE_PREFIX_HEADER = YES;
				GCC_PREFIX_HEADER = "seuss/seuss-Prefix.pch";
				GCC_PREPROCESSOR_DEFINITIONS = (
					"DEBUG=1",
					"$(inherited)",
					NS_BLOCKS_AVAILABLE,
				);
				PRODUCT_NAME = "$(TARGET_NAME)";
				SDKROOT = macosx;
			};
			name = Debug;
		};
		9ABEAD3A15A80BB300CF9849 /* Release */ = {
			isa = XCBuildConfiguration;
			buildSettings = {
				ARCHS = "$(ARCHS_STANDARD_32_64_BIT)";
				GCC_PRECOMPILE_PREFIX_HEADER = YES;
				GCC_PREFIX_HEADER = "seuss/seuss-Prefix.pch";
				GCC_PREPROCESSOR_DEFINITIONS = NS_BLOCKS_AVAILABLE;
				PRODUCT_NAME = "$(TARGET_NAME)";
				SDKROOT = macosx;
			};
			name = Release;
		};
		9ABEAD8215B1369400CF9849 /* Debug */ = {
			isa = XCBuildConfiguration;
			buildSettings = {
				FRAMEWORK_SEARCH_PATHS = "$(DEVELOPER_LIBRARY_DIR)/Frameworks";
				GCC_PRECOMPILE_PREFIX_HEADER = YES;
				GCC_PREFIX_HEADER = "seussTests/seussTests-Prefix.pch";
				INFOPLIST_FILE = "seussTests/seussTests-Info.plist";
				PRODUCT_NAME = "$(TARGET_NAME)";
				WRAPPER_EXTENSION = octest;
			};
			name = Debug;
		};
		9ABEAD8315B1369400CF9849 /* Release */ = {
			isa = XCBuildConfiguration;
			buildSettings = {
				FRAMEWORK_SEARCH_PATHS = "$(DEVELOPER_LIBRARY_DIR)/Frameworks";
				GCC_PRECOMPILE_PREFIX_HEADER = YES;
				GCC_PREFIX_HEADER = "seussTests/seussTests-Prefix.pch";
				INFOPLIST_FILE = "seussTests/seussTests-Info.plist";
				PRODUCT_NAME = "$(TARGET_NAME)";
				WRAPPER_EXTENSION = octest;
			};
			name = Release;
		};
/* End XCBuildConfiguration section */

/* Begin XCConfigurationList section */
		9AB7848A15BBC406002CEE23 /* Build configuration list for PBXNativeTarget "libseuss" */ = {
			isa = XCConfigurationList;
			buildConfigurations = (
				9AB7848B15BBC406002CEE23 /* Debug */,
				9AB7848C15BBC406002CEE23 /* Release */,
			);
			defaultConfigurationIsVisible = 0;
			defaultConfigurationName = Release;
		};
		9ABEAD2315A80BB200CF9849 /* Build configuration list for PBXProject "seuss" */ = {
			isa = XCConfigurationList;
			buildConfigurations = (
				9ABEAD3615A80BB300CF9849 /* Debug */,
				9ABEAD3715A80BB300CF9849 /* Release */,
			);
			defaultConfigurationIsVisible = 0;
			defaultConfigurationName = Release;
		};
		9ABEAD3815A80BB300CF9849 /* Build configuration list for PBXNativeTarget "seuss" */ = {
			isa = XCConfigurationList;
			buildConfigurations = (
				9ABEAD3915A80BB300CF9849 /* Debug */,
				9ABEAD3A15A80BB300CF9849 /* Release */,
			);
			defaultConfigurationIsVisible = 0;
			defaultConfigurationName = Release;
		};
		9ABEAD8115B1369400CF9849 /* Build configuration list for PBXNativeTarget "seussTests" */ = {
			isa = XCConfigurationList;
			buildConfigurations = (
				9ABEAD8215B1369400CF9849 /* Debug */,
				9ABEAD8315B1369400CF9849 /* Release */,
			);
			defaultConfigurationIsVisible = 0;
			defaultConfigurationName = Release;
		};
/* End XCConfigurationList section */
	};
	rootObject = 9ABEAD2015A80BB200CF9849 /* Project object */;
}
